// !$*UTF8*$!
{
	archiveVersion = 1;
	classes = {
	};
	objectVersion = 46;
	objects = {

/* Begin PBXBuildFile section */
		A5226C8A1C4CED9E009EA638 /* main.m in Sources */ = {isa = PBXBuildFile; fileRef = A5226C891C4CED9E009EA638 /* main.m */; };
		A5226C8D1C4CED9E009EA638 /* AppDelegate.m in Sources */ = {isa = PBXBuildFile; fileRef = A5226C8C1C4CED9E009EA638 /* AppDelegate.m */; };
		A5226C901C4CED9E009EA638 /* ViewController.m in Sources */ = {isa = PBXBuildFile; fileRef = A5226C8F1C4CED9E009EA638 /* ViewController.m */; };
		A5226C931C4CED9E009EA638 /* Main.storyboard in Resources */ = {isa = PBXBuildFile; fileRef = A5226C911C4CED9E009EA638 /* Main.storyboard */; };
		A5226C951C4CED9E009EA638 /* Assets.xcassets in Resources */ = {isa = PBXBuildFile; fileRef = A5226C941C4CED9E009EA638 /* Assets.xcassets */; };
		A5226C981C4CED9E009EA638 /* LaunchScreen.storyboard in Resources */ = {isa = PBXBuildFile; fileRef = A5226C961C4CED9E009EA638 /* LaunchScreen.storyboard */; };
		A5226CA31C4CED9E009EA638 /* XinWenTests.m in Sources */ = {isa = PBXBuildFile; fileRef = A5226CA21C4CED9E009EA638 /* XinWenTests.m */; };
		A5226CAE1C4CED9E009EA638 /* XinWenUITests.m in Sources */ = {isa = PBXBuildFile; fileRef = A5226CAD1C4CED9E009EA638 /* XinWenUITests.m */; };
		A5E0D7EE1C4DDA6B00096FCC /* Tools in Resources */ = {isa = PBXBuildFile; fileRef = A5E0D7ED1C4DDA6B00096FCC /* Tools */; };
		A5E0D7F01C4DDA7300096FCC /* Classes in Resources */ = {isa = PBXBuildFile; fileRef = A5E0D7EF1C4DDA7300096FCC /* Classes */; };
/* End PBXBuildFile section */

/* Begin PBXContainerItemProxy section */
		A5226C9F1C4CED9E009EA638 /* PBXContainerItemProxy */ = {
			isa = PBXContainerItemProxy;
			containerPortal = A5226C7D1C4CED9E009EA638 /* Project object */;
			proxyType = 1;
			remoteGlobalIDString = A5226C841C4CED9E009EA638;
			remoteInfo = XinWen;
		};
		A5226CAA1C4CED9E009EA638 /* PBXContainerItemProxy */ = {
			isa = PBXContainerItemProxy;
			containerPortal = A5226C7D1C4CED9E009EA638 /* Project object */;
			proxyType = 1;
			remoteGlobalIDString = A5226C841C4CED9E009EA638;
			remoteInfo = XinWen;
		};
/* End PBXContainerItemProxy section */

/* Begin PBXFileReference section */
		A5226C851C4CED9E009EA638 /* XinWen.app */ = {isa = PBXFileReference; explicitFileType = wrapper.application; includeInIndex = 0; path = XinWen.app; sourceTree = BUILT_PRODUCTS_DIR; };
		A5226C891C4CED9E009EA638 /* main.m */ = {isa = PBXFileReference; lastKnownFileType = sourcecode.c.objc; path = main.m; sourceTree = "<group>"; };
		A5226C8B1C4CED9E009EA638 /* AppDelegate.h */ = {isa = PBXFileReference; lastKnownFileType = sourcecode.c.h; path = AppDelegate.h; sourceTree = "<group>"; };
		A5226C8C1C4CED9E009EA638 /* AppDelegate.m */ = {isa = PBXFileReference; lastKnownFileType = sourcecode.c.objc; path = AppDelegate.m; sourceTree = "<group>"; };
		A5226C8E1C4CED9E009EA638 /* ViewController.h */ = {isa = PBXFileReference; lastKnownFileType = sourcecode.c.h; path = ViewController.h; sourceTree = "<group>"; };
		A5226C8F1C4CED9E009EA638 /* ViewController.m */ = {isa = PBXFileReference; lastKnownFileType = sourcecode.c.objc; path = ViewController.m; sourceTree = "<group>"; };
		A5226C921C4CED9E009EA638 /* Base */ = {isa = PBXFileReference; lastKnownFileType = file.storyboard; name = Base; path = Base.lproj/Main.storyboard; sourceTree = "<group>"; };
		A5226C941C4CED9E009EA638 /* Assets.xcassets */ = {isa = PBXFileReference; lastKnownFileType = folder.assetcatalog; path = Assets.xcassets; sourceTree = "<group>"; };
		A5226C971C4CED9E009EA638 /* Base */ = {isa = PBXFileReference; lastKnownFileType = file.storyboard; name = Base; path = Base.lproj/LaunchScreen.storyboard; sourceTree = "<group>"; };
		A5226C991C4CED9E009EA638 /* Info.plist */ = {isa = PBXFileReference; lastKnownFileType = text.plist.xml; path = Info.plist; sourceTree = "<group>"; };
		A5226C9E1C4CED9E009EA638 /* XinWenTests.xctest */ = {isa = PBXFileReference; explicitFileType = wrapper.cfbundle; includeInIndex = 0; path = XinWenTests.xctest; sourceTree = BUILT_PRODUCTS_DIR; };
		A5226CA21C4CED9E009EA638 /* XinWenTests.m */ = {isa = PBXFileReference; lastKnownFileType = sourcecode.c.objc; path = XinWenTests.m; sourceTree = "<group>"; };
		A5226CA41C4CED9E009EA638 /* Info.plist */ = {isa = PBXFileReference; lastKnownFileType = text.plist.xml; path = Info.plist; sourceTree = "<group>"; };
		A5226CA91C4CED9E009EA638 /* XinWenUITests.xctest */ = {isa = PBXFileReference; explicitFileType = wrapper.cfbundle; includeInIndex = 0; path = XinWenUITests.xctest; sourceTree = BUILT_PRODUCTS_DIR; };
		A5226CAD1C4CED9E009EA638 /* XinWenUITests.m */ = {isa = PBXFileReference; lastKnownFileType = sourcecode.c.objc; path = XinWenUITests.m; sourceTree = "<group>"; };
		A5226CAF1C4CED9E009EA638 /* Info.plist */ = {isa = PBXFileReference; lastKnownFileType = text.plist.xml; path = Info.plist; sourceTree = "<group>"; };
		A5E0D7ED1C4DDA6B00096FCC /* Tools */ = {isa = PBXFileReference; lastKnownFileType = folder; path = Tools; sourceTree = "<group>"; };
		A5E0D7EF1C4DDA7300096FCC /* Classes */ = {isa = PBXFileReference; lastKnownFileType = folder; path = Classes; sourceTree = "<group>"; };
/* End PBXFileReference section */

/* Begin PBXFrameworksBuildPhase section */
		A5226C821C4CED9E009EA638 /* Frameworks */ = {
			isa = PBXFrameworksBuildPhase;
			buildActionMask = 2147483647;
			files = (
			);
			runOnlyForDeploymentPostprocessing = 0;
		};
		A5226C9B1C4CED9E009EA638 /* Frameworks */ = {
			isa = PBXFrameworksBuildPhase;
			buildActionMask = 2147483647;
			files = (
			);
			runOnlyForDeploymentPostprocessing = 0;
		};
		A5226CA61C4CED9E009EA638 /* Frameworks */ = {
			isa = PBXFrameworksBuildPhase;
			buildActionMask = 2147483647;
			files = (
			);
			runOnlyForDeploymentPostprocessing = 0;
		};
/* End PBXFrameworksBuildPhase section */

/* Begin PBXGroup section */
		A5226C7C1C4CED9E009EA638 = {
			isa = PBXGroup;
			children = (
				A5226C871C4CED9E009EA638 /* XinWen */,
				A5226CA11C4CED9E009EA638 /* XinWenTests */,
				A5226CAC1C4CED9E009EA638 /* XinWenUITests */,
				A5226C861C4CED9E009EA638 /* Products */,
			);
			sourceTree = "<group>";
		};
		A5226C861C4CED9E009EA638 /* Products */ = {
			isa = PBXGroup;
			children = (
				A5226C851C4CED9E009EA638 /* XinWen.app */,
				A5226C9E1C4CED9E009EA638 /* XinWenTests.xctest */,
				A5226CA91C4CED9E009EA638 /* XinWenUITests.xctest */,
			);
			name = Products;
			sourceTree = "<group>";
		};
		A5226C871C4CED9E009EA638 /* XinWen */ = {
			isa = PBXGroup;
			children = (
				A5E0D7EF1C4DDA7300096FCC /* Classes */,
				A5E0D7ED1C4DDA6B00096FCC /* Tools */,
				A5226C8B1C4CED9E009EA638 /* AppDelegate.h */,
				A5226C8C1C4CED9E009EA638 /* AppDelegate.m */,
				A5226C8E1C4CED9E009EA638 /* ViewController.h */,
				A5226C8F1C4CED9E009EA638 /* ViewController.m */,
				A5226C911C4CED9E009EA638 /* Main.storyboard */,
				A5226C941C4CED9E009EA638 /* Assets.xcassets */,
				A5226C961C4CED9E009EA638 /* LaunchScreen.storyboard */,
				A5226C991C4CED9E009EA638 /* Info.plist */,
				A5226C881C4CED9E009EA638 /* Supporting Files */,
			);
			path = XinWen;
			sourceTree = "<group>";
		};
		A5226C881C4CED9E009EA638 /* Supporting Files */ = {
			isa = PBXGroup;
			children = (
				A5226C891C4CED9E009EA638 /* main.m */,
			);
			name = "Supporting Files";
			sourceTree = "<group>";
		};
		A5226CA11C4CED9E009EA638 /* XinWenTests */ = {
			isa = PBXGroup;
			children = (
				A5226CA21C4CED9E009EA638 /* XinWenTests.m */,
				A5226CA41C4CED9E009EA638 /* Info.plist */,
			);
			path = XinWenTests;
			sourceTree = "<group>";
		};
		A5226CAC1C4CED9E009EA638 /* XinWenUITests */ = {
			isa = PBXGroup;
			children = (
				A5226CAD1C4CED9E009EA638 /* XinWenUITests.m */,
				A5226CAF1C4CED9E009EA638 /* Info.plist */,
			);
			path = XinWenUITests;
			sourceTree = "<group>";
		};
/* End PBXGroup section */

/* Begin PBXNativeTarget section */
		A5226C841C4CED9E009EA638 /* XinWen */ = {
			isa = PBXNativeTarget;
			buildConfigurationList = A5226CB21C4CED9E009EA638 /* Build configuration list for PBXNativeTarget "XinWen" */;
			buildPhases = (
				A5226C811C4CED9E009EA638 /* Sources */,
				A5226C821C4CED9E009EA638 /* Frameworks */,
				A5226C831C4CED9E009EA638 /* Resources */,
			);
			buildRules = (
			);
			dependencies = (
			);
			name = XinWen;
			productName = XinWen;
			productReference = A5226C851C4CED9E009EA638 /* XinWen.app */;
			productType = "com.apple.product-type.application";
		};
		A5226C9D1C4CED9E009EA638 /* XinWenTests */ = {
			isa = PBXNativeTarget;
			buildConfigurationList = A5226CB51C4CED9E009EA638 /* Build configuration list for PBXNativeTarget "XinWenTests" */;
			buildPhases = (
				A5226C9A1C4CED9E009EA638 /* Sources */,
				A5226C9B1C4CED9E009EA638 /* Frameworks */,
				A5226C9C1C4CED9E009EA638 /* Resources */,
			);
			buildRules = (
			);
			dependencies = (
				A5226CA01C4CED9E009EA638 /* PBXTargetDependency */,
			);
			name = XinWenTests;
			productName = XinWenTests;
			productReference = A5226C9E1C4CED9E009EA638 /* XinWenTests.xctest */;
			productType = "com.apple.product-type.bundle.unit-test";
		};
		A5226CA81C4CED9E009EA638 /* XinWenUITests */ = {
			isa = PBXNativeTarget;
			buildConfigurationList = A5226CB81C4CED9E009EA638 /* Build configuration list for PBXNativeTarget "XinWenUITests" */;
			buildPhases = (
				A5226CA51C4CED9E009EA638 /* Sources */,
				A5226CA61C4CED9E009EA638 /* Frameworks */,
				A5226CA71C4CED9E009EA638 /* Resources */,
			);
			buildRules = (
			);
			dependencies = (
				A5226CAB1C4CED9E009EA638 /* PBXTargetDependency */,
			);
			name = XinWenUITests;
			productName = XinWenUITests;
			productReference = A5226CA91C4CED9E009EA638 /* XinWenUITests.xctest */;
			productType = "com.apple.product-type.bundle.ui-testing";
		};
/* End PBXNativeTarget section */

/* Begin PBXProject section */
		A5226C7D1C4CED9E009EA638 /* Project object */ = {
			isa = PBXProject;
			attributes = {
				LastUpgradeCheck = 0710;
				ORGANIZATIONNAME = "fei-ke";
				TargetAttributes = {
					A5226C841C4CED9E009EA638 = {
						CreatedOnToolsVersion = 7.1;
					};
					A5226C9D1C4CED9E009EA638 = {
						CreatedOnToolsVersion = 7.1;
						TestTargetID = A5226C841C4CED9E009EA638;
					};
					A5226CA81C4CED9E009EA638 = {
						CreatedOnToolsVersion = 7.1;
						TestTargetID = A5226C841C4CED9E009EA638;
					};
				};
			};
			buildConfigurationList = A5226C801C4CED9E009EA638 /* Build configuration list for PBXProject "XinWen" */;
			compatibilityVersion = "Xcode 3.2";
			developmentRegion = English;
			hasScannedForEncodings = 0;
			knownRegions = (
				en,
				Base,
			);
			mainGroup = A5226C7C1C4CED9E009EA638;
			productRefGroup = A5226C861C4CED9E009EA638 /* Products */;
			projectDirPath = "";
			projectRoot = "";
			targets = (
				A5226C841C4CED9E009EA638 /* XinWen */,
				A5226C9D1C4CED9E009EA638 /* XinWenTests */,
				A5226CA81C4CED9E009EA638 /* XinWenUITests */,
			);
		};
/* End PBXProject section */

/* Begin PBXResourcesBuildPhase section */
		A5226C831C4CED9E009EA638 /* Resources */ = {
			isa = PBXResourcesBuildPhase;
			buildActionMask = 2147483647;
			files = (
				A5226C981C4CED9E009EA638 /* LaunchScreen.storyboard in Resources */,
				A5226C951C4CED9E009EA638 /* Assets.xcassets in Resources */,
				A5E0D7F01C4DDA7300096FCC /* Classes in Resources */,
				A5E0D7EE1C4DDA6B00096FCC /* Tools in Resources */,
				A5226C931C4CED9E009EA638 /* Main.storyboard in Resources */,
			);
			runOnlyForDeploymentPostprocessing = 0;
		};
		A5226C9C1C4CED9E009EA638 /* Resources */ = {
			isa = PBXResourcesBuildPhase;
			buildActionMask = 2147483647;
			files = (
			);
			runOnlyForDeploymentPostprocessing = 0;
		};
		A5226CA71C4CED9E009EA638 /* Resources */ = {
			isa = PBXResourcesBuildPhase;
			buildActionMask = 2147483647;
			files = (
			);
			runOnlyForDeploymentPostprocessing = 0;
		};
/* End PBXResourcesBuildPhase section */

/* Begin PBXSourcesBuildPhase section */
		A5226C811C4CED9E009EA638 /* Sources */ = {
			isa = PBXSourcesBuildPhase;
			buildActionMask = 2147483647;
			files = (
				A5226C901C4CED9E009EA638 /* ViewController.m in Sources */,
				A5226C8D1C4CED9E009EA638 /* AppDelegate.m in Sources */,
				A5226C8A1C4CED9E009EA638 /* main.m in Sources */,
			);
			runOnlyForDeploymentPostprocessing = 0;
		};
		A5226C9A1C4CED9E009EA638 /* Sources */ = {
			isa = PBXSourcesBuildPhase;
			buildActionMask = 2147483647;
			files = (
				A5226CA31C4CED9E009EA638 /* XinWenTests.m in Sources */,
			);
			runOnlyForDeploymentPostprocessing = 0;
		};
		A5226CA51C4CED9E009EA638 /* Sources */ = {
			isa = PBXSourcesBuildPhase;
			buildActionMask = 2147483647;
			files = (
				A5226CAE1C4CED9E009EA638 /* XinWenUITests.m in Sources */,
			);
			runOnlyForDeploymentPostprocessing = 0;
		};
/* End PBXSourcesBuildPhase section */

/* Begin PBXTargetDependency section */
		A5226CA01C4CED9E009EA638 /* PBXTargetDependency */ = {
			isa = PBXTargetDependency;
			target = A5226C841C4CED9E009EA638 /* XinWen */;
			targetProxy = A5226C9F1C4CED9E009EA638 /* PBXContainerItemProxy */;
		};
		A5226CAB1C4CED9E009EA638 /* PBXTargetDependency */ = {
			isa = PBXTargetDependency;
			target = A5226C841C4CED9E009EA638 /* XinWen */;
			targetProxy = A5226CAA1C4CED9E009EA638 /* PBXContainerItemProxy */;
		};
/* End PBXTargetDependency section */

/* Begin PBXVariantGroup section */
		A5226C911C4CED9E009EA638 /* Main.storyboard */ = {
			isa = PBXVariantGroup;
			children = (
				A5226C921C4CED9E009EA638 /* Base */,
			);
			name = Main.storyboard;
			sourceTree = "<group>";
		};
		A5226C961C4CED9E009EA638 /* LaunchScreen.storyboard */ = {
			isa = PBXVariantGroup;
			children = (
				A5226C971C4CED9E009EA638 /* Base */,
			);
			name = LaunchScreen.storyboard;
			sourceTree = "<group>";
		};
/* End PBXVariantGroup section */

/* Begin XCBuildConfiguration section */
		A5226CB01C4CED9E009EA638 /* Debug */ = {
			isa = XCBuildConfiguration;
			buildSettings = {
				ALWAYS_SEARCH_USER_PATHS = NO;
				CLANG_CXX_LANGUAGE_STANDARD = "gnu++0x";
				CLANG_CXX_LIBRARY = "libc++";
				CLANG_ENABLE_MODULES = YES;
				CLANG_ENABLE_OBJC_ARC = YES;
				CLANG_WARN_BOOL_CONVERSION = YES;
				CLANG_WARN_CONSTANT_CONVERSION = YES;
				CLANG_WARN_DIRECT_OBJC_ISA_USAGE = YES_ERROR;
				CLANG_WARN_EMPTY_BODY = YES;
				CLANG_WARN_ENUM_CONVERSION = YES;
				CLANG_WARN_INT_CONVERSION = YES;
				CLANG_WARN_OBJC_ROOT_CLASS = YES_ERROR;
				CLANG_WARN_UNREACHABLE_CODE = YES;
				CLANG_WARN__DUPLICATE_METHOD_MATCH = YES;
				"CODE_SIGN_IDENTITY[sdk=iphoneos*]" = "iPhone Developer";
				COPY_PHASE_STRIP = NO;
				DEBUG_INFORMATION_FORMAT = dwarf;
				ENABLE_STRICT_OBJC_MSGSEND = YES;
				ENABLE_TESTABILITY = YES;
				GCC_C_LANGUAGE_STANDARD = gnu99;
				GCC_DYNAMIC_NO_PIC = NO;
				GCC_NO_COMMON_BLOCKS = YES;
				GCC_OPTIMIZATION_LEVEL = 0;
				GCC_PREPROCESSOR_DEFINITIONS = (
					"DEBUG=1",
					"$(inherited)",
				);
				GCC_WARN_64_TO_32_BIT_CONVERSION = YES;
				GCC_WARN_ABOUT_RETURN_TYPE = YES_ERROR;
				GCC_WARN_UNDECLARED_SELECTOR = YES;
				GCC_WARN_UNINITIALIZED_AUTOS = YES_AGGRESSIVE;
				GCC_WARN_UNUSED_FUNCTION = YES;
				GCC_WARN_UNUSED_VARIABLE = YES;
				IPHONEOS_DEPLOYMENT_TARGET = 9.1;
				MTL_ENABLE_DEBUG_INFO = YES;
				ONLY_ACTIVE_ARCH = YES;
				SDKROOT = iphoneos;
			};
			name = Debug;
		};
		A5226CB11C4CED9E009EA638 /* Release */ = {
			isa = XCBuildConfiguration;
			buildSettings = {
				ALWAYS_SEARCH_USER_PATHS = NO;
				CLANG_CXX_LANGUAGE_STANDARD = "gnu++0x";
				CLANG_CXX_LIBRARY = "libc++";
				CLANG_ENABLE_MODULES = YES;
				CLANG_ENABLE_OBJC_ARC = YES;
				CLANG_WARN_BOOL_CONVERSION = YES;
				CLANG_WARN_CONSTANT_CONVERSION = YES;
				CLANG_WARN_DIRECT_OBJC_ISA_USAGE = YES_ERROR;
				CLANG_WARN_EMPTY_BODY = YES;
				CLANG_WARN_ENUM_CONVERSION = YES;
				CLANG_WARN_INT_CONVERSION = YES;
				CLANG_WARN_OBJC_ROOT_CLASS = YES_ERROR;
				CLANG_WARN_UNREACHABLE_CODE = YES;
				CLANG_WARN__DUPLICATE_METHOD_MATCH = YES;
				"CODE_SIGN_IDENTITY[sdk=iphoneos*]" = "iPhone Developer";
				COPY_PHASE_STRIP = NO;
				DEBUG_INFORMATION_FORMAT = "dwarf-with-dsym";
				ENABLE_NS_ASSERTIONS = NO;
				ENABLE_STRICT_OBJC_MSGSEND = YES;
				GCC_C_LANGUAGE_STANDARD = gnu99;
				GCC_NO_COMMON_BLOCKS = YES;
				GCC_WARN_64_TO_32_BIT_CONVERSION = YES;
				GCC_WARN_ABOUT_RETURN_TYPE = YES_ERROR;
				GCC_WARN_UNDECLARED_SELECTOR = YES;
				GCC_WARN_UNINITIALIZED_AUTOS = YES_AGGRESSIVE;
				GCC_WARN_UNUSED_FUNCTION = YES;
				GCC_WARN_UNUSED_VARIABLE = YES;
				IPHONEOS_DEPLOYMENT_TARGET = 9.1;
				MTL_ENABLE_DEBUG_INFO = NO;
				SDKROOT = iphoneos;
				VALIDATE_PRODUCT = YES;
			};
			name = Release;
		};
		A5226CB31C4CED9E009EA638 /* Debug */ = {
			isa = XCBuildConfiguration;
			buildSettings = {
				ASSETCATALOG_COMPILER_APPICON_NAME = AppIcon;
				INFOPLIST_FILE = XinWen/Info.plist;
				LD_RUNPATH_SEARCH_PATHS = "$(inherited) @executable_path/Frameworks";
				PRODUCT_BUNDLE_IDENTIFIER = "com.fei-ke.XinWen";
				PRODUCT_NAME = "$(TARGET_NAME)";
			};
			name = Debug;
		};
		A5226CB41C4CED9E009EA638 /* Release */ = {
			isa = XCBuildConfiguration;
			buildSettings = {
				ASSETCATALOG_COMPILER_APPICON_NAME = AppIcon;
				INFOPLIST_FILE = XinWen/Info.plist;
				LD_RUNPATH_SEARCH_PATHS = "$(inherited) @executable_path/Frameworks";
				PRODUCT_BUNDLE_IDENTIFIER = "com.fei-ke.XinWen";
				PRODUCT_NAME = "$(TARGET_NAME)";
			};
			name = Release;
		};
		A5226CB61C4CED9E009EA638 /* Debug */ = {
			isa = XCBuildConfiguration;
			buildSettings = {
				BUNDLE_LOADER = "$(TEST_HOST)";
				INFOPLIST_FILE = XinWenTests/Info.plist;
				LD_RUNPATH_SEARCH_PATHS = "$(inherited) @executable_path/Frameworks @loader_path/Frameworks";
				PRODUCT_BUNDLE_IDENTIFIER = "com.fei-ke.XinWenTests";
				PRODUCT_NAME = "$(TARGET_NAME)";
				TEST_HOST = "$(BUILT_PRODUCTS_DIR)/XinWen.app/XinWen";
			};
			name = Debug;
		};
		A5226CB71C4CED9E009EA638 /* Release */ = {
			isa = XCBuildConfiguration;
			buildSettings = {
				BUNDLE_LOADER = "$(TEST_HOST)";
				INFOPLIST_FILE = XinWenTests/Info.plist;
				LD_RUNPATH_SEARCH_PATHS = "$(inherited) @executable_path/Frameworks @loader_path/Frameworks";
				PRODUCT_BUNDLE_IDENTIFIER = "com.fei-ke.XinWenTests";
				PRODUCT_NAME = "$(TARGET_NAME)";
				TEST_HOST = "$(BUILT_PRODUCTS_DIR)/XinWen.app/XinWen";
			};
			name = Release;
		};
		A5226CB91C4CED9E009EA638 /* Debug */ = {
			isa = XCBuildConfiguration;
			buildSettings = {
				INFOPLIST_FILE = XinWenUITests/Info.plist;
				LD_RUNPATH_SEARCH_PATHS = "$(inherited) @executable_path/Frameworks @loader_path/Frameworks";
				PRODUCT_BUNDLE_IDENTIFIER = "com.fei-ke.XinWenUITests";
				PRODUCT_NAME = "$(TARGET_NAME)";
				TEST_TARGET_NAME = XinWen;
				USES_XCTRUNNER = YES;
			};
			name = Debug;
		};
		A5226CBA1C4CED9E009EA638 /* Release */ = {
			isa = XCBuildConfiguration;
			buildSettings = {
				INFOPLIST_FILE = XinWenUITests/Info.plist;
				LD_RUNPATH_SEARCH_PATHS = "$(inherited) @executable_path/Frameworks @loader_path/Frameworks";
				PRODUCT_BUNDLE_IDENTIFIER = "com.fei-ke.XinWenUITests";
				PRODUCT_NAME = "$(TARGET_NAME)";
				TEST_TARGET_NAME = XinWen;
				USES_XCTRUNNER = YES;
			};
			name = Release;
		};
/* End XCBuildConfiguration section */

/* Begin XCConfigurationList section */
		A5226C801C4CED9E009EA638 /* Build configuration list for PBXProject "XinWen" */ = {
			isa = XCConfigurationList;
			buildConfigurations = (
				A5226CB01C4CED9E009EA638 /* Debug */,
				A5226CB11C4CED9E009EA638 /* Release */,
			);
			defaultConfigurationIsVisible = 0;
			defaultConfigurationName = Release;
		};
		A5226CB21C4CED9E009EA638 /* Build configuration list for PBXNativeTarget "XinWen" */ = {
			isa = XCConfigurationList;
			buildConfigurations = (
				A5226CB31C4CED9E009EA638 /* Debug */,
				A5226CB41C4CED9E009EA638 /* Release */,
			);
			defaultConfigurationIsVisible = 0;
			defaultConfigurationName = Release;
		};
		A5226CB51C4CED9E009EA638 /* Build configuration list for PBXNativeTarget "XinWenTests" */ = {
			isa = XCConfigurationList;
			buildConfigurations = (
				A5226CB61C4CED9E009EA638 /* Debug */,
				A5226CB71C4CED9E009EA638 /* Release */,
			);
			defaultConfigurationIsVisible = 0;
			defaultConfigurationName = Release;
		};
		A5226CB81C4CED9E009EA638 /* Build configuration list for PBXNativeTarget "XinWenUITests" */ = {
			isa = XCConfigurationList;
			buildConfigurations = (
				A5226CB91C4CED9E009EA638 /* Debug */,
				A5226CBA1C4CED9E009EA638 /* Release */,
			);
			defaultConfigurationIsVisible = 0;
			defaultConfigurationName = Release;
		};
/* End XCConfigurationList section */
	};
	rootObject = A5226C7D1C4CED9E009EA638 /* Project object */;
}
